
Microsoft Visual Studio Solution File, Format Version 12.00
# Visual Studio Version 17
VisualStudioVersion = 17.0.32002.185
MinimumVisualStudioVersion = 10.0.40219.1
Project("{FAE04EC0-301F-11D3-BF4B-00C04F79EFBC}") = "ExeHerancaPolimorfismo", "ExeHerancaPolimorfismo.csproj", "{C3FCB116-38FF-4994-98AE-86E3F831CEA0}"
EndProject
Global
	GlobalSection(SolutionConfigurationPlatforms) = preSolution
		Debug|Any CPU = Debug|Any CPU
		Release|Any CPU = Release|Any CPU
	EndGlobalSection
	GlobalSection(ProjectConfigurationPlatforms) = postSolution
		{C3FCB116-38FF-4994-98AE-86E3F831CEA0}.Debug|Any CPU.ActiveCfg = Debug|Any CPU
		{C3FCB116-38FF-4994-98AE-86E3F831CEA0}.Debug|Any CPU.Build.0 = Debug|Any CPU
		{C3FCB116-38FF-4994-98AE-86E3F831CEA0}.Release|Any CPU.ActiveCfg = Release|Any CPU
		{C3FCB116-38FF-4994-98AE-86E3F831CEA0}.Release|Any CPU.Build.0 = Release|Any CPU
	EndGlobalSection
	GlobalSection(SolutionProperties) = preSolution
		HideSolutionNode = FALSE
	EndGlobalSection
	GlobalSection(ExtensibilityGlobals) = postSolution
		SolutionGuid = {2D0CF04F-670F-458D-AB57-3C67F4C6ADB1}
	EndGlobalSection
EndGlobal
